
Microsoft Visual Studio Solution File, Format Version 12.00
# Visual Studio 15
VisualStudioVersion = 15.0.28307.136
MinimumVisualStudioVersion = 10.0.40219.1
Project("{FAE04EC0-301F-11D3-BF4B-00C04F79EFBC}") = "WindowsFormsApp6", "WindowsFormsApp6\WindowsFormsApp6.csproj", "{EDF52787-53F1-42D4-9A62-8CE366528D49}"
EndProject
Global
	GlobalSection(SolutionConfigurationPlatforms) = preSolution
		Debug|Any CPU = Debug|Any CPU
		Release|Any CPU = Release|Any CPU
	EndGlobalSection
	GlobalSection(ProjectConfigurationPlatforms) = postSolution
		{EDF52787-53F1-42D4-9A62-8CE366528D49}.Debug|Any CPU.ActiveCfg = Debug|Any CPU
		{EDF52787-53F1-42D4-9A62-8CE366528D49}.Debug|Any CPU.Build.0 = Debug|Any CPU
		{EDF52787-53F1-42D4-9A62-8CE366528D49}.Release|Any CPU.ActiveCfg = Release|Any CPU
		{EDF52787-53F1-42D4-9A62-8CE366528D49}.Release|Any CPU.Build.0 = Release|Any CPU
	EndGlobalSection
	GlobalSection(SolutionProperties) = preSolution
		HideSolutionNode = FALSE
	EndGlobalSection
	GlobalSection(ExtensibilityGlobals) = postSolution
		SolutionGuid = {1DBB40D2-C775-4A2D-B817-C3DF55678513}
	EndGlobalSection
EndGlobal
